
Microsoft Visual Studio Solution File, Format Version 12.00
# Visual Studio Version 17
VisualStudioVersion = 17.7.34024.191
MinimumVisualStudioVersion = 10.0.40219.1
Project("{FAE04EC0-301F-11D3-BF4B-00C04F79EFBC}") = "Ejercicio5", "Ejercicio5.csproj", "{DB237E3B-5B77-4AD8-8D69-4E3C5C1425C6}"
EndProject
Global
	GlobalSection(SolutionConfigurationPlatforms) = preSolution
		Debug|Any CPU = Debug|Any CPU
		Release|Any CPU = Release|Any CPU
	EndGlobalSection
	GlobalSection(ProjectConfigurationPlatforms) = postSolution
		{DB237E3B-5B77-4AD8-8D69-4E3C5C1425C6}.Debug|Any CPU.ActiveCfg = Debug|Any CPU
		{DB237E3B-5B77-4AD8-8D69-4E3C5C1425C6}.Debug|Any CPU.Build.0 = Debug|Any CPU
		{DB237E3B-5B77-4AD8-8D69-4E3C5C1425C6}.Release|Any CPU.ActiveCfg = Release|Any CPU
		{DB237E3B-5B77-4AD8-8D69-4E3C5C1425C6}.Release|Any CPU.Build.0 = Release|Any CPU
	EndGlobalSection
	GlobalSection(SolutionProperties) = preSolution
		HideSolutionNode = FALSE
	EndGlobalSection
	GlobalSection(ExtensibilityGlobals) = postSolution
		SolutionGuid = {7E760141-0F59-4A31-B3E6-0ECB4276F4F9}
	EndGlobalSection
EndGlobal
